
Microsoft Visual Studio Solution File, Format Version 12.00
# Visual Studio Version 17
VisualStudioVersion = 17.3.32819.101
MinimumVisualStudioVersion = 10.0.40219.1
Project("{FAE04EC0-301F-11D3-BF4B-00C04F79EFBC}") = "Kordamine_Harjutus", "Kordamine_Harjutus\Kordamine_Harjutus.csproj", "{D89F635C-AF8B-4EFA-98F9-98216820AA7C}"
EndProject
Global
	GlobalSection(SolutionConfigurationPlatforms) = preSolution
		Debug|Any CPU = Debug|Any CPU
		Release|Any CPU = Release|Any CPU
	EndGlobalSection
	GlobalSection(ProjectConfigurationPlatforms) = postSolution
		{D89F635C-AF8B-4EFA-98F9-98216820AA7C}.Debug|Any CPU.ActiveCfg = Debug|Any CPU
		{D89F635C-AF8B-4EFA-98F9-98216820AA7C}.Debug|Any CPU.Build.0 = Debug|Any CPU
		{D89F635C-AF8B-4EFA-98F9-98216820AA7C}.Release|Any CPU.ActiveCfg = Release|Any CPU
		{D89F635C-AF8B-4EFA-98F9-98216820AA7C}.Release|Any CPU.Build.0 = Release|Any CPU
	EndGlobalSection
	GlobalSection(SolutionProperties) = preSolution
		HideSolutionNode = FALSE
	EndGlobalSection
	GlobalSection(ExtensibilityGlobals) = postSolution
		SolutionGuid = {2840D015-0F97-4CC2-B587-BD9D5B79D995}
	EndGlobalSection
EndGlobal
